
Microsoft Visual Studio Solution File, Format Version 12.00
# Visual Studio Version 17
VisualStudioVersion = 17.0.31903.59
MinimumVisualStudioVersion = 10.0.40219.1
Project("{2150E333-8FDC-42A3-9474-1A3956D46DE8}") = "src", "src", "{DD8C8856-5389-4CE0-9F5F-92FC1366D943}"
EndProject
Project("{FAE04EC0-301F-11D3-BF4B-00C04F79EFBC}") = "YtDownloaderBot", "src\YtDownloaderBot\YtDownloaderBot.csproj", "{EDF931FF-A39C-49E4-B6F0-AB55DB6E95A2}"
EndProject
Global
	GlobalSection(SolutionConfigurationPlatforms) = preSolution
		Debug|Any CPU = Debug|Any CPU
		Release|Any CPU = Release|Any CPU
	EndGlobalSection
	GlobalSection(SolutionProperties) = preSolution
		HideSolutionNode = FALSE
	EndGlobalSection
	GlobalSection(ProjectConfigurationPlatforms) = postSolution
		{EDF931FF-A39C-49E4-B6F0-AB55DB6E95A2}.Debug|Any CPU.ActiveCfg = Debug|Any CPU
		{EDF931FF-A39C-49E4-B6F0-AB55DB6E95A2}.Debug|Any CPU.Build.0 = Debug|Any CPU
		{EDF931FF-A39C-49E4-B6F0-AB55DB6E95A2}.Release|Any CPU.ActiveCfg = Release|Any CPU
		{EDF931FF-A39C-49E4-B6F0-AB55DB6E95A2}.Release|Any CPU.Build.0 = Release|Any CPU
	EndGlobalSection
	GlobalSection(NestedProjects) = preSolution
		{EDF931FF-A39C-49E4-B6F0-AB55DB6E95A2} = {DD8C8856-5389-4CE0-9F5F-92FC1366D943}
	EndGlobalSection
EndGlobal
